
Microsoft Visual Studio Solution File, Format Version 12.00
# Visual Studio Version 17
VisualStudioVersion = 17.4.33213.308
MinimumVisualStudioVersion = 10.0.40219.1
Project("{8BC9CEB8-8B4A-11D0-8D11-00A0C91BC942}") = "GradientFilter", "GradientFilter\GradientFilter.vcxproj", "{582F6578-418A-4679-B570-49E023011866}"
	ProjectSection(ProjectDependencies) = postProject
		{39FFC01B-D3DF-4E0C-9363-BE4ADDFB3F51} = {39FFC01B-D3DF-4E0C-9363-BE4ADDFB3F51}
		{6E11A9C1-6473-4333-A46C-02AC759C4428} = {6E11A9C1-6473-4333-A46C-02AC759C4428}
	EndProjectSection
EndProject
Project("{8BC9CEB8-8B4A-11D0-8D11-00A0C91BC942}") = "JADll", "JADll\JADll.vcxproj", "{39FFC01B-D3DF-4E0C-9363-BE4ADDFB3F51}"
EndProject
Project("{8BC9CEB8-8B4A-11D0-8D11-00A0C91BC942}") = "CDll", "CDll\CDll.vcxproj", "{6E11A9C1-6473-4333-A46C-02AC759C4428}"
EndProject
Global
	GlobalSection(SolutionConfigurationPlatforms) = preSolution
		Debug|x64 = Debug|x64
		Debug|x86 = Debug|x86
		Release|x64 = Release|x64
		Release|x86 = Release|x86
	EndGlobalSection
	GlobalSection(ProjectConfigurationPlatforms) = postSolution
		{582F6578-418A-4679-B570-49E023011866}.Debug|x64.ActiveCfg = Debug|x64
		{582F6578-418A-4679-B570-49E023011866}.Debug|x64.Build.0 = Debug|x64
		{582F6578-418A-4679-B570-49E023011866}.Debug|x86.ActiveCfg = Debug|Win32
		{582F6578-418A-4679-B570-49E023011866}.Debug|x86.Build.0 = Debug|Win32
		{582F6578-418A-4679-B570-49E023011866}.Release|x64.ActiveCfg = Release|x64
		{582F6578-418A-4679-B570-49E023011866}.Release|x64.Build.0 = Release|x64
		{582F6578-418A-4679-B570-49E023011866}.Release|x86.ActiveCfg = Release|Win32
		{582F6578-418A-4679-B570-49E023011866}.Release|x86.Build.0 = Release|Win32
		{39FFC01B-D3DF-4E0C-9363-BE4ADDFB3F51}.Debug|x64.ActiveCfg = Debug|x64
		{39FFC01B-D3DF-4E0C-9363-BE4ADDFB3F51}.Debug|x64.Build.0 = Debug|x64
		{39FFC01B-D3DF-4E0C-9363-BE4ADDFB3F51}.Debug|x86.ActiveCfg = Debug|Win32
		{39FFC01B-D3DF-4E0C-9363-BE4ADDFB3F51}.Debug|x86.Build.0 = Debug|Win32
		{39FFC01B-D3DF-4E0C-9363-BE4ADDFB3F51}.Release|x64.ActiveCfg = Release|x64
		{39FFC01B-D3DF-4E0C-9363-BE4ADDFB3F51}.Release|x64.Build.0 = Release|x64
		{39FFC01B-D3DF-4E0C-9363-BE4ADDFB3F51}.Release|x86.ActiveCfg = Release|Win32
		{39FFC01B-D3DF-4E0C-9363-BE4ADDFB3F51}.Release|x86.Build.0 = Release|Win32
		{6E11A9C1-6473-4333-A46C-02AC759C4428}.Debug|x64.ActiveCfg = Debug|x64
		{6E11A9C1-6473-4333-A46C-02AC759C4428}.Debug|x64.Build.0 = Debug|x64
		{6E11A9C1-6473-4333-A46C-02AC759C4428}.Debug|x86.ActiveCfg = Debug|Win32
		{6E11A9C1-6473-4333-A46C-02AC759C4428}.Debug|x86.Build.0 = Debug|Win32
		{6E11A9C1-6473-4333-A46C-02AC759C4428}.Release|x64.ActiveCfg = Release|x64
		{6E11A9C1-6473-4333-A46C-02AC759C4428}.Release|x64.Build.0 = Release|x64
		{6E11A9C1-6473-4333-A46C-02AC759C4428}.Release|x86.ActiveCfg = Release|Win32
		{6E11A9C1-6473-4333-A46C-02AC759C4428}.Release|x86.Build.0 = Release|Win32
	EndGlobalSection
	GlobalSection(SolutionProperties) = preSolution
		HideSolutionNode = FALSE
	EndGlobalSection
	GlobalSection(ExtensibilityGlobals) = postSolution
		SolutionGuid = {07476D5A-EF1A-42B8-B66A-37B995BE99C7}
	EndGlobalSection
EndGlobal
